{
  "requires": true,
  "lockfileVersion": 1,
  "dependencies": {
    "coc-rust-analyzer": {
      "version": "0.23.0",
      "resolved": "https://registry.npmjs.org/coc-rust-analyzer/-/coc-rust-analyzer-0.23.0.tgz",
      "integrity": "sha512-3h1maUtfeDVPuxLkU0n3qfoJQ+4MgQi9NVYBBQSp1Id1j66BawiVIdSBmX+K3Se0HH0VPSEUaLdRrDHs2muPRw=="
    }
  }
}
